
Microsoft Visual Studio Solution File, Format Version 12.00
# Visual Studio 2013
VisualStudioVersion = 12.0.21005.1
MinimumVisualStudioVersion = 10.0.40219.1
Project("{FAE04EC0-301F-11D3-BF4B-00C04F79EFBC}") = "ConDep.Server", "ConDep.Server\ConDep.Server.csproj", "{BF594F52-1E7A-4D8C-8C9E-D295D7D8BE9C}"
EndProject
Project("{FAE04EC0-301F-11D3-BF4B-00C04F79EFBC}") = "ConDep.Server.Execution", "ConDep.Server.Execution\ConDep.Server.Execution.csproj", "{C2A653D9-9060-4D8B-8B76-1FB2BB863A2F}"
EndProject
Global
	GlobalSection(SolutionConfigurationPlatforms) = preSolution
		Debug|Any CPU = Debug|Any CPU
		Release|Any CPU = Release|Any CPU
	EndGlobalSection
	GlobalSection(ProjectConfigurationPlatforms) = postSolution
		{BF594F52-1E7A-4D8C-8C9E-D295D7D8BE9C}.Debug|Any CPU.ActiveCfg = Debug|Any CPU
		{BF594F52-1E7A-4D8C-8C9E-D295D7D8BE9C}.Debug|Any CPU.Build.0 = Debug|Any CPU
		{BF594F52-1E7A-4D8C-8C9E-D295D7D8BE9C}.Release|Any CPU.ActiveCfg = Release|Any CPU
		{BF594F52-1E7A-4D8C-8C9E-D295D7D8BE9C}.Release|Any CPU.Build.0 = Release|Any CPU
		{C2A653D9-9060-4D8B-8B76-1FB2BB863A2F}.Debug|Any CPU.ActiveCfg = Debug|Any CPU
		{C2A653D9-9060-4D8B-8B76-1FB2BB863A2F}.Debug|Any CPU.Build.0 = Debug|Any CPU
		{C2A653D9-9060-4D8B-8B76-1FB2BB863A2F}.Release|Any CPU.ActiveCfg = Release|Any CPU
		{C2A653D9-9060-4D8B-8B76-1FB2BB863A2F}.Release|Any CPU.Build.0 = Release|Any CPU
	EndGlobalSection
	GlobalSection(SolutionProperties) = preSolution
		HideSolutionNode = FALSE
	EndGlobalSection
EndGlobal
